<?xml version="1.0" encoding="UTF-8" standalone="yes" ?>
<CodeBlocks_project_file>
	<FileVersion major="1" minor="6" />
	<Project>
		<Option title="CS4227_Project" />
		<Option pch_mode="2" />
		<Option compiler="gcc" />
		<Build>
			<Target title="Debug">
				<Option output="bin/Debug/CS4227_Project" prefix_auto="1" extension_auto="1" />
				<Option object_output="obj/Debug/" />
				<Option type="1" />
				<Option compiler="gcc" />
				<Compiler>
					<Add option="-g" />
					<Add directory="include" />
				</Compiler>
			</Target>
			<Target title="Release">
				<Option output="bin/Release/CS4227_Project" prefix_auto="1" extension_auto="1" />
				<Option object_output="obj/Release/" />
				<Option type="1" />
				<Option compiler="gcc" />
				<Compiler>
					<Add option="-O2" />
					<Add directory="include" />
				</Compiler>
				<Linker>
					<Add option="-s" />
				</Linker>
			</Target>
		</Build>
		<Compiler>
			<Add option="-Wall" />
			<Add option="-fexceptions" />
			<Add option="-lpthread" />
			<Add directory="/usr/include/gtest" />
		</Compiler>
		<Linker>
			<Add library="/usr/src/gtest/libgtest.a" />
			<Add directory="/usr/include/gtest" />
		</Linker>
		<Unit filename="include/Achievement.h" />
		<Unit filename="include/AchievementSystem.h" />
		<Unit filename="include/AchievementSystemInterace.h" />
		<Unit filename="include/AttackCommand.h" />
		<Unit filename="include/AttackItem.h" />
		<Unit filename="include/Command.h" />
		<Unit filename="include/DefenseItem.h" />
		<Unit filename="include/DeviceButton.h" />
		<Unit filename="include/Enemy.h" />
		<Unit filename="include/EnemyFactory.h" />
		<Unit filename="include/EnemyHorizontal.h" />
		<Unit filename="include/EnemyInterface.h" />
		<Unit filename="include/EnemyItemDecorator.h" />
		<Unit filename="include/EnemyOrientation.h" />
		<Unit filename="include/EnemyVertical.h" />
		<Unit filename="include/EnemyWave.h" />
		<Unit filename="include/EnemyWaveFactory.h" />
		<Unit filename="include/GameController.h" />
		<Unit filename="include/GameEvent.h" />
		<Unit filename="include/GameObserver.h" />
		<Unit filename="include/GameSubject.h" />
		<Unit filename="include/GameView.h" />
		<Unit filename="include/Game.h" />
		<Unit filename="include/GameEvent.h" />
		<Unit filename="include/GameObserver.h" />
		<Unit filename="include/MoveDownCommand.h" />
		<Unit filename="include/MoveLeftCommand.h" />
		<Unit filename="include/MoveRightCommand.h" />
		<Unit filename="include/MoveUpCommand.h" />
		<Unit filename="include/Player.h" />
		<Unit filename="include/SoundSystem.h" />
		<Unit filename="include/SpeedItem.h" />
		<Unit filename="include/TestAchievementSystem.h" />
		<Unit filename="include/TestCommand.h" />
		<Unit filename="include/TestEnemyFactory.h" />
		<Unit filename="src/Achievement.cpp" />
		<Unit filename="src/AchievementSystem.cpp" />
		<Unit filename="src/AttackCommand.cpp" />
		<Unit filename="src/AttackItem.cpp" />
		<Unit filename="src/DefenseItem.cpp" />
		<Unit filename="src/DeviceButton.cpp" />
		<Unit filename="src/Enemy.cpp" />
		<Unit filename="src/EnemyFactory.cpp" />
		<Unit filename="src/EnemyHorizontal.cpp" />
		<Unit filename="src/EnemyItemDecorator.cpp" />
		<Unit filename="src/EnemyVertical.cpp" />
		<Unit filename="src/EnemyWave.cpp" />
		<Unit filename="src/EnemyWaveFactory.cpp" />
		<Unit filename="src/GameController.cpp" />
		<Unit filename="src/Game.cpp" />
		<Unit filename="src/GameEvent.cpp" />
		<Unit filename="src/GameView.cpp" />
		<Unit filename="src/MoveDownCommand.cpp" />
		<Unit filename="src/MoveLeftCommand.cpp" />
		<Unit filename="src/MoveRightCommand.cpp" />
		<Unit filename="src/MoveUpCommand.cpp" />
		<Unit filename="src/Player.cpp" />
		<Unit filename="src/SoundSystem.cpp" />
		<Unit filename="src/SpeedItem.cpp" />
		<Unit filename="src/TestAchievementSystem.cpp" />
		<Unit filename="src/TestCommand.cpp" />
		<Unit filename="src/TestEnemyFactory.cpp" />
		<Unit filename="src/main.cpp" />
		<Extensions>
			<code_completion />
			<debugger />
		</Extensions>
	</Project>
</CodeBlocks_project_file>
